
Microsoft Visual Studio Solution File, Format Version 12.00
# Visual Studio Version 17
VisualStudioVersion = 17.12.35514.174 d17.12
MinimumVisualStudioVersion = 10.0.40219.1
Project("{FAE04EC0-301F-11D3-BF4B-00C04F79EFBC}") = "E_Shopping_Platform", "E_Shopping_Platform.csproj", "{4784F1E0-EC96-4543-84FB-6E6CF9726F8A}"
EndProject
Global
	GlobalSection(SolutionConfigurationPlatforms) = preSolution
		Debug|Any CPU = Debug|Any CPU
		Release|Any CPU = Release|Any CPU
	EndGlobalSection
	GlobalSection(ProjectConfigurationPlatforms) = postSolution
		{4784F1E0-EC96-4543-84FB-6E6CF9726F8A}.Debug|Any CPU.ActiveCfg = Debug|Any CPU
		{4784F1E0-EC96-4543-84FB-6E6CF9726F8A}.Debug|Any CPU.Build.0 = Debug|Any CPU
		{4784F1E0-EC96-4543-84FB-6E6CF9726F8A}.Release|Any CPU.ActiveCfg = Release|Any CPU
		{4784F1E0-EC96-4543-84FB-6E6CF9726F8A}.Release|Any CPU.Build.0 = Release|Any CPU
	EndGlobalSection
	GlobalSection(SolutionProperties) = preSolution
		HideSolutionNode = FALSE
	EndGlobalSection
EndGlobal
